version = 1
revision = 3
requires-python = ">=3.12"

[options]
exclude-newer = "0001-01-01T00:00:00Z" # This has no effect and is included for backwards compatibility when using relative exclude-newer values.
exclude-newer-span = "P7D"

[[package]]
name = "colorama"
version = "0.4.6"
source = { registry = "https://pypi.org/simple" }
sdist = { url = "https://files.pythonhosted.org/packages/d8/53/6f443c9a4a8358a93a6792e2acffb9d9d5cb0a5cfd8802644b7b1c9a02e4/colorama-0.4.6.tar.gz", hash = "sha256:08695f5cb7ed6e0531a20572697297273c47b8cae5a63ffc6d6ed5c201be6e44", size = 27697, upload-time = "2022-10-25T02:36:22.414Z" }
wheels = [
    { url = "https://files.pythonhosted.org/packages/d1/d6/3965ed04c63042e047cb6a3e6ed1a63a35087b6a609aa3a15ed8ac56c221/colorama-0.4.6-py2.py3-none-any.whl", hash = "sha256:4f1d9991f5acc0ca119f9d443620b77f9d6b33703e51011c16baf57afb285fc6", size = 25335, upload-time = "2022-10-25T02:36:20.889Z" },
]

[[package]]
name = "iniconfig"
version = "2.3.0"
source = { registry = "https://pypi.org/simple" }
sdist = { url = "https://files.pythonhosted.org/packages/72/34/14ca021ce8e5dfedc35312d08ba8bf51fdd999c576889fc2c24cb97f4f10/iniconfig-2.3.0.tar.gz", hash = "sha256:c76315c77db068650d49c5b56314774a7804df16fee4402c1f19d6d15d8c4730", size = 20503, upload-time = "2025-10-18T21:55:43.219Z" }
wheels = [
    { url = "https://files.pythonhosted.org/packages/cb/b1/3846dd7f199d53cb17f49cba7e651e9ce294d8497c8c150530ed11865bb8/iniconfig-2.3.0-py3-none-any.whl", hash = "sha256:f631c04d2c48c52b84d0d0549c99ff3859c98df65b3101406327ecc7d53fbf12", size = 7484, upload-time = "2025-10-18T21:55:41.639Z" },
]

[[package]]
name = "packaging"
version = "26.2"
source = { registry = "https://pypi.org/simple" }
sdist = { url = "https://files.pythonhosted.org/packages/d7/f1/e7a6dd94a8d4a5626c03e4e99c87f241ba9e350cd9e6d75123f992427270/packaging-26.2.tar.gz", hash = "sha256:ff452ff5a3e828ce110190feff1178bb1f2ea2281fa2075aadb987c2fb221661", size = 228134, upload-time = "2026-04-24T20:15:23.917Z" }
wheels = [
    { url = "https://files.pythonhosted.org/packages/df/b2/87e62e8c3e2f4b32e5fe99e0b86d576da1312593b39f47d8ceef365e95ed/packaging-26.2-py3-none-any.whl", hash = "sha256:5fc45236b9446107ff2415ce77c807cee2862cb6fac22b8a73826d0693b0980e", size = 100195, upload-time = "2026-04-24T20:15:22.081Z" },
]

[[package]]
name = "pluggy"
version = "1.6.0"
source = { registry = "https://pypi.org/simple" }
sdist = { url = "https://files.pythonhosted.org/packages/f9/e2/3e91f31a7d2b083fe6ef3fa267035b518369d9511ffab804f839851d2779/pluggy-1.6.0.tar.gz", hash = "sha256:7dcc130b76258d33b90f61b658791dede3486c3e6bfb003ee5c9bfb396dd22f3", size = 69412, upload-time = "2025-05-15T12:30:07.975Z" }
wheels = [
    { url = "https://files.pythonhosted.org/packages/54/20/4d324d65cc6d9205fabedc306948156824eb9f0ee1633355a8f7ec5c66bf/pluggy-1.6.0-py3-none-any.whl", hash = "sha256:e920276dd6813095e9377c0bc5566d94c932c33b27a3e3945d8389c374dd4746", size = 20538, upload-time = "2025-05-15T12:30:06.134Z" },
]

[[package]]
name = "pygments"
version = "2.20.0"
source = { registry = "https://pypi.org/simple" }
sdist = { url = "https://files.pythonhosted.org/packages/c3/b2/bc9c9196916376152d655522fdcebac55e66de6603a76a02bca1b6414f6c/pygments-2.20.0.tar.gz", hash = "sha256:6757cd03768053ff99f3039c1a36d6c0aa0b263438fcab17520b30a303a82b5f", size = 4955991, upload-time = "2026-03-29T13:29:33.898Z" }
wheels = [
    { url = "https://files.pythonhosted.org/packages/f4/7e/a72dd26f3b0f4f2bf1dd8923c85f7ceb43172af56d63c7383eb62b332364/pygments-2.20.0-py3-none-any.whl", hash = "sha256:81a9e26dd42fd28a23a2d169d86d7ac03b46e2f8b59ed4698fb4785f946d0176", size = 1231151, upload-time = "2026-03-29T13:29:30.038Z" },
]

[[package]]
name = "pyte"
version = "0.8.2"
source = { registry = "https://pypi.org/simple" }
dependencies = [
    { name = "wcwidth" },
]
sdist = { url = "https://files.pythonhosted.org/packages/ab/ab/b599762933eba04de7dc5b31ae083112a6c9a9db15b01d3109ad797559d9/pyte-0.8.2.tar.gz", hash = "sha256:5af970e843fa96a97149d64e170c984721f20e52227a2f57f0a54207f08f083f", size = 92301, upload-time = "2023-11-12T09:33:43.217Z" }
wheels = [
    { url = "https://files.pythonhosted.org/packages/59/d0/bb522283b90853afbf506cd5b71c650cf708829914efd0003d615cf426cd/pyte-0.8.2-py3-none-any.whl", hash = "sha256:85db42a35798a5aafa96ac4d8da78b090b2c933248819157fc0e6f78876a0135", size = 31627, upload-time = "2023-11-12T09:33:41.096Z" },
]

[[package]]
name = "pytest"
version = "9.0.3"
source = { registry = "https://pypi.org/simple" }
dependencies = [
    { name = "colorama", marker = "sys_platform == 'win32'" },
    { name = "iniconfig" },
    { name = "packaging" },
    { name = "pluggy" },
    { name = "pygments" },
]
sdist = { url = "https://files.pythonhosted.org/packages/7d/0d/549bd94f1a0a402dc8cf64563a117c0f3765662e2e668477624baeec44d5/pytest-9.0.3.tar.gz", hash = "sha256:b86ada508af81d19edeb213c681b1d48246c1a91d304c6c81a427674c17eb91c", size = 1572165, upload-time = "2026-04-07T17:16:18.027Z" }
wheels = [
    { url = "https://files.pythonhosted.org/packages/d4/24/a372aaf5c9b7208e7112038812994107bc65a84cd00e0354a88c2c77a617/pytest-9.0.3-py3-none-any.whl", hash = "sha256:2c5efc453d45394fdd706ade797c0a81091eccd1d6e4bccfcd476e2b8e0ab5d9", size = 375249, upload-time = "2026-04-07T17:16:16.13Z" },
]

[[package]]
name = "regex"
version = "2026.4.4"
source = { registry = "https://pypi.org/simple" }
sdist = { url = "https://files.pythonhosted.org/packages/cb/0e/3a246dbf05666918bd3664d9d787f84a9108f6f43cc953a077e4a7dfdb7e/regex-2026.4.4.tar.gz", hash = "sha256:e08270659717f6973523ce3afbafa53515c4dc5dcad637dc215b6fd50f689423", size = 416000, upload-time = "2026-04-03T20:56:28.155Z" }
wheels = [
    { url = "https://files.pythonhosted.org/packages/e5/28/b972a4d3df61e1d7bcf1b59fdb3cddef22f88b6be43f161bb41ebc0e4081/regex-2026.4.4-cp312-cp312-macosx_10_13_universal2.whl", hash = "sha256:c07ab8794fa929e58d97a0e1796b8b76f70943fa39df225ac9964615cf1f9d52", size = 490434, upload-time = "2026-04-03T20:53:40.219Z" },
    { url = "https://files.pythonhosted.org/packages/84/20/30041446cf6dc3e0eab344fc62770e84c23b6b68a3b657821f9f80cb69b4/regex-2026.4.4-cp312-cp312-macosx_10_13_x86_64.whl", hash = "sha256:2c785939dc023a1ce4ec09599c032cc9933d258a998d16ca6f2b596c010940eb", size = 292061, upload-time = "2026-04-03T20:53:41.862Z" },
    { url = "https://files.pythonhosted.org/packages/62/c8/3baa06d75c98c46d4cc4262b71fd2edb9062b5665e868bca57859dadf93a/regex-2026.4.4-cp312-cp312-macosx_11_0_arm64.whl", hash = "sha256:1b1ce5c81c9114f1ce2f9288a51a8fd3aeea33a0cc440c415bf02da323aa0a76", size = 289628, upload-time = "2026-04-03T20:53:43.701Z" },
    { url = "https://files.pythonhosted.org/packages/31/87/3accf55634caad8c0acab23f5135ef7d4a21c39f28c55c816ae012931408/regex-2026.4.4-cp312-cp312-manylinux2014_aarch64.manylinux_2_17_aarch64.manylinux_2_28_aarch64.whl", hash = "sha256:760ef21c17d8e6a4fe8cf406a97cf2806a4df93416ccc82fc98d25b1c20425be", size = 796651, upload-time = "2026-04-03T20:53:45.379Z" },
    { url = "https://files.pythonhosted.org/packages/f6/0c/aaa2c83f34efedbf06f61cb1942c25f6cf1ee3b200f832c4d05f28306c2e/regex-2026.4.4-cp312-cp312-manylinux2014_ppc64le.manylinux_2_17_ppc64le.manylinux_2_28_ppc64le.whl", hash = "sha256:7088fcdcb604a4417c208e2169715800d28838fefd7455fbe40416231d1d47c1", size = 865916, upload-time = "2026-04-03T20:53:47.064Z" },
    { url = "https://files.pythonhosted.org/packages/d9/f6/8c6924c865124643e8f37823eca845dc27ac509b2ee58123685e71cd0279/regex-2026.4.4-cp312-cp312-manylinux2014_s390x.manylinux_2_17_s390x.manylinux_2_28_s390x.whl", hash = "sha256:07edca1ba687998968f7db5bc355288d0c6505caa7374f013d27356d93976d13", size = 912287, upload-time = "2026-04-03T20:53:49.422Z" },
    { url = "https://files.pythonhosted.org/packages/11/0e/a9f6f81013e0deaf559b25711623864970fe6a098314e374ccb1540a4152/regex-2026.4.4-cp312-cp312-manylinux2014_x86_64.manylinux_2_17_x86_64.manylinux_2_28_x86_64.whl", hash = "sha256:993f657a7c1c6ec51b5e0ba97c9817d06b84ea5fa8d82e43b9405de0defdc2b9", size = 801126, upload-time = "2026-04-03T20:53:51.096Z" },
    { url = "https://files.pythonhosted.org/packages/71/61/3a0cc8af2dc0c8deb48e644dd2521f173f7e6513c6e195aad9aa8dd77ac5/regex-2026.4.4-cp312-cp312-manylinux_2_31_riscv64.manylinux_2_39_riscv64.whl", hash = "sha256:2b69102a743e7569ebee67e634a69c4cb7e59d6fa2e1aa7d3bdbf3f61435f62d", size = 776788, upload-time = "2026-04-03T20:53:52.889Z" },
    { url = "https://files.pythonhosted.org/packages/64/0b/8bb9cbf21ef7dee58e49b0fdb066a7aded146c823202e16494a36777594f/regex-2026.4.4-cp312-cp312-musllinux_1_2_aarch64.whl", hash = "sha256:6dac006c8b6dda72d86ea3d1333d45147de79a3a3f26f10c1cf9287ca4ca0ac3", size = 785184, upload-time = "2026-04-03T20:53:55.627Z" },
    { url = "https://files.pythonhosted.org/packages/99/c2/d3e80e8137b25ee06c92627de4e4d98b94830e02b3e6f81f3d2e3f504cf5/regex-2026.4.4-cp312-cp312-musllinux_1_2_ppc64le.whl", hash = "sha256:50a766ee2010d504554bfb5f578ed2e066898aa26411d57e6296230627cdefa0", size = 859913, upload-time = "2026-04-03T20:53:57.249Z" },
    { url = "https://files.pythonhosted.org/packages/bc/e6/9d5d876157d969c804622456ef250017ac7a8f83e0e14f903b9e6df5ce95/regex-2026.4.4-cp312-cp312-musllinux_1_2_riscv64.whl", hash = "sha256:9e2f5217648f68e3028c823df58663587c1507a5ba8419f4fdfc8a461be76043", size = 765732, upload-time = "2026-04-03T20:53:59.428Z" },
    { url = "https://files.pythonhosted.org/packages/82/80/b568935b4421388561c8ed42aff77247285d3ae3bb2a6ca22af63bae805e/regex-2026.4.4-cp312-cp312-musllinux_1_2_s390x.whl", hash = "sha256:39d8de85a08e32632974151ba59c6e9140646dcc36c80423962b1c5c0a92e244", size = 852152, upload-time = "2026-04-03T20:54:01.505Z" },
    { url = "https://files.pythonhosted.org/packages/39/29/f0f81217e21cd998245da047405366385d5c6072048038a3d33b37a79dc0/regex-2026.4.4-cp312-cp312-musllinux_1_2_x86_64.whl", hash = "sha256:55d9304e0e7178dfb1e106c33edf834097ddf4a890e2f676f6c5118f84390f73", size = 789076, upload-time = "2026-04-03T20:54:03.323Z" },
    { url = "https://files.pythonhosted.org/packages/49/1d/1d957a61976ab9d4e767dd4f9d04b66cc0c41c5e36cf40e2d43688b5ae6f/regex-2026.4.4-cp312-cp312-win32.whl", hash = "sha256:04bb679bc0bde8a7bfb71e991493d47314e7b98380b083df2447cda4b6edb60f", size = 266700, upload-time = "2026-04-03T20:54:05.639Z" },
    { url = "https://files.pythonhosted.org/packages/c5/5c/bf575d396aeb58ea13b06ef2adf624f65b70fafef6950a80fc3da9cae3bc/regex-2026.4.4-cp312-cp312-win_amd64.whl", hash = "sha256:db0ac18435a40a2543dbb3d21e161a6c78e33e8159bd2e009343d224bb03bb1b", size = 277768, upload-time = "2026-04-03T20:54:07.312Z" },
    { url = "https://files.pythonhosted.org/packages/c9/27/049df16ec6a6828ccd72add3c7f54b4df029669bea8e9817df6fff58be90/regex-2026.4.4-cp312-cp312-win_arm64.whl", hash = "sha256:4ce255cc05c1947a12989c6db801c96461947adb7a59990f1360b5983fab4983", size = 270568, upload-time = "2026-04-03T20:54:09.484Z" },
    { url = "https://files.pythonhosted.org/packages/9d/83/c4373bc5f31f2cf4b66f9b7c31005bd87fe66f0dce17701f7db4ee79ee29/regex-2026.4.4-cp313-cp313-macosx_10_13_universal2.whl", hash = "sha256:62f5519042c101762509b1d717b45a69c0139d60414b3c604b81328c01bd1943", size = 490273, upload-time = "2026-04-03T20:54:11.202Z" },
    { url = "https://files.pythonhosted.org/packages/46/f8/fe62afbcc3cf4ad4ac9adeaafd98aa747869ae12d3e8e2ac293d0593c435/regex-2026.4.4-cp313-cp313-macosx_10_13_x86_64.whl", hash = "sha256:3790ba9fb5dd76715a7afe34dbe603ba03f8820764b1dc929dd08106214ed031", size = 291954, upload-time = "2026-04-03T20:54:13.412Z" },
    { url = "https://files.pythonhosted.org/packages/5a/92/4712b9fe6a33d232eeb1c189484b80c6c4b8422b90e766e1195d6e758207/regex-2026.4.4-cp313-cp313-macosx_11_0_arm64.whl", hash = "sha256:8fae3c6e795d7678963f2170152b0d892cf6aee9ee8afc8c45e6be38d5107fe7", size = 289487, upload-time = "2026-04-03T20:54:15.824Z" },
    { url = "https://files.pythonhosted.org/packages/88/2c/f83b93f85e01168f1070f045a42d4c937b69fdb8dd7ae82d307253f7e36e/regex-2026.4.4-cp313-cp313-manylinux2014_aarch64.manylinux_2_17_aarch64.manylinux_2_28_aarch64.whl", hash = "sha256:298c3ec2d53225b3bf91142eb9691025bab610e0c0c51592dde149db679b3d17", size = 796646, upload-time = "2026-04-03T20:54:18.229Z" },
    { url = "https://files.pythonhosted.org/packages/df/55/61a2e17bf0c4dc57e11caf8dd11771280d8aaa361785f9e3bc40d653f4a7/regex-2026.4.4-cp313-cp313-manylinux2014_ppc64le.manylinux_2_17_ppc64le.manylinux_2_28_ppc64le.whl", hash = "sha256:e9638791082eaf5b3ac112c587518ee78e083a11c4b28012d8fe2a0f536dfb17", size = 865904, upload-time = "2026-04-03T20:54:20.019Z" },
    { url = "https://files.pythonhosted.org/packages/45/32/1ac8ed1b5a346b5993a3d256abe0a0f03b0b73c8cc88d928537368ac65b6/regex-2026.4.4-cp313-cp313-manylinux2014_s390x.manylinux_2_17_s390x.manylinux_2_28_s390x.whl", hash = "sha256:ae3e764bd4c5ff55035dc82a8d49acceb42a5298edf6eb2fc4d328ee5dd7afae", size = 912304, upload-time = "2026-04-03T20:54:22.403Z" },
    { url = "https://files.pythonhosted.org/packages/26/47/2ee5c613ab546f0eddebf9905d23e07beb933416b1246c2d8791d01979b4/regex-2026.4.4-cp313-cp313-manylinux2014_x86_64.manylinux_2_17_x86_64.manylinux_2_28_x86_64.whl", hash = "sha256:ffa81f81b80047ba89a3c69ae6a0f78d06f4a42ce5126b0eb2a0a10ad44e0b2e", size = 801126, upload-time = "2026-04-03T20:54:24.308Z" },
    { url = "https://files.pythonhosted.org/packages/75/cd/41dacd129ca9fd20bd7d02f83e0fad83e034ac8a084ec369c90f55ef37e2/regex-2026.4.4-cp313-cp313-manylinux_2_31_riscv64.manylinux_2_39_riscv64.whl", hash = "sha256:f56ebf9d70305307a707911b88469213630aba821e77de7d603f9d2f0730687d", size = 776772, upload-time = "2026-04-03T20:54:26.319Z" },
    { url = "https://files.pythonhosted.org/packages/89/6d/5af0b588174cb5f46041fa7dd64d3fd5cd2fe51f18766703d1edc387f324/regex-2026.4.4-cp313-cp313-musllinux_1_2_aarch64.whl", hash = "sha256:773d1dfd652bbffb09336abf890bfd64785c7463716bf766d0eb3bc19c8b7f27", size = 785228, upload-time = "2026-04-03T20:54:28.387Z" },
    { url = "https://files.pythonhosted.org/packages/b7/3b/f5a72b7045bd59575fc33bf1345f156fcfd5a8484aea6ad84b12c5a82114/regex-2026.4.4-cp313-cp313-musllinux_1_2_ppc64le.whl", hash = "sha256:d51d20befd5275d092cdffba57ded05f3c436317ee56466c8928ac32d960edaf", size = 860032, upload-time = "2026-04-03T20:54:30.641Z" },
    { url = "https://files.pythonhosted.org/packages/39/a4/72a317003d6fcd7a573584a85f59f525dfe8f67e355ca74eb6b53d66a5e2/regex-2026.4.4-cp313-cp313-musllinux_1_2_riscv64.whl", hash = "sha256:0a51cdb3c1e9161154f976cb2bef9894bc063ac82f31b733087ffb8e880137d0", size = 765714, upload-time = "2026-04-03T20:54:32.789Z" },
    { url = "https://files.pythonhosted.org/packages/25/1e/5672e16f34dbbcb2560cc7e6a2fbb26dfa8b270711e730101da4423d3973/regex-2026.4.4-cp313-cp313-musllinux_1_2_s390x.whl", hash = "sha256:ae5266a82596114e41fb5302140e9630204c1b5f325c770bec654b95dd54b0aa", size = 852078, upload-time = "2026-04-03T20:54:34.546Z" },
    { url = "https://files.pythonhosted.org/packages/f7/0d/c813f0af7c6cc7ed7b9558bac2e5120b60ad0fa48f813e4d4bd55446f214/regex-2026.4.4-cp313-cp313-musllinux_1_2_x86_64.whl", hash = "sha256:c882cd92ec68585e9c1cf36c447ec846c0d94edd706fe59e0c198e65822fd23b", size = 789181, upload-time = "2026-04-03T20:54:36.642Z" },
    { url = "https://files.pythonhosted.org/packages/ea/6d/a344608d1adbd2a95090ddd906cec09a11be0e6517e878d02a5123e0917f/regex-2026.4.4-cp313-cp313-win32.whl", hash = "sha256:05568c4fbf3cb4fa9e28e3af198c40d3237cf6041608a9022285fe567ec3ad62", size = 266690, upload-time = "2026-04-03T20:54:38.343Z" },
    { url = "https://files.pythonhosted.org/packages/31/07/54049f89b46235ca6f45cd6c88668a7050e77d4a15555e47dd40fde75263/regex-2026.4.4-cp313-cp313-win_amd64.whl", hash = "sha256:3384df51ed52db0bea967e21458ab0a414f67cdddfd94401688274e55147bb81", size = 277733, upload-time = "2026-04-03T20:54:40.11Z" },
    { url = "https://files.pythonhosted.org/packages/0e/21/61366a8e20f4d43fb597708cac7f0e2baadb491ecc9549b4980b2be27d16/regex-2026.4.4-cp313-cp313-win_arm64.whl", hash = "sha256:acd38177bd2c8e69a411d6521760806042e244d0ef94e2dd03ecdaa8a3c99427", size = 270565, upload-time = "2026-04-03T20:54:41.883Z" },
    { url = "https://files.pythonhosted.org/packages/f1/1e/3a2b9672433bef02f5d39aa1143ca2c08f311c1d041c464a42be9ae648dc/regex-2026.4.4-cp313-cp313t-macosx_10_13_universal2.whl", hash = "sha256:f94a11a9d05afcfcfa640e096319720a19cc0c9f7768e1a61fceee6a3afc6c7c", size = 494126, upload-time = "2026-04-03T20:54:43.602Z" },
    { url = "https://files.pythonhosted.org/packages/4e/4b/c132a4f4fe18ad3340d89fcb56235132b69559136036b845be3c073142ed/regex-2026.4.4-cp313-cp313t-macosx_10_13_x86_64.whl", hash = "sha256:36bcb9d6d1307ab629edc553775baada2aefa5c50ccc0215fbfd2afcfff43141", size = 293882, upload-time = "2026-04-03T20:54:45.41Z" },
    { url = "https://files.pythonhosted.org/packages/f4/5f/eaa38092ce7a023656280f2341dbbd4ad5f05d780a70abba7bb4f4bea54c/regex-2026.4.4-cp313-cp313t-macosx_11_0_arm64.whl", hash = "sha256:261c015b3e2ed0919157046d768774ecde57f03d8fa4ba78d29793447f70e717", size = 292334, upload-time = "2026-04-03T20:54:47.051Z" },
    { url = "https://files.pythonhosted.org/packages/5f/f6/dd38146af1392dac33db7074ab331cec23cced3759167735c42c5460a243/regex-2026.4.4-cp313-cp313t-manylinux2014_aarch64.manylinux_2_17_aarch64.manylinux_2_28_aarch64.whl", hash = "sha256:c228cf65b4a54583763645dcd73819b3b381ca8b4bb1b349dee1c135f4112c07", size = 811691, upload-time = "2026-04-03T20:54:49.074Z" },
    { url = "https://files.pythonhosted.org/packages/7a/f0/dc54c2e69f5eeec50601054998ec3690d5344277e782bd717e49867c1d29/regex-2026.4.4-cp313-cp313t-manylinux2014_ppc64le.manylinux_2_17_ppc64le.manylinux_2_28_ppc64le.whl", hash = "sha256:dd2630faeb6876fb0c287f664d93ddce4d50cd46c6e88e60378c05c9047e08ca", size = 871227, upload-time = "2026-04-03T20:54:51.035Z" },
    { url = "https://files.pythonhosted.org/packages/a1/af/cb16bd5dc61621e27df919a4449bbb7e5a1034c34d307e0a706e9cc0f3e3/regex-2026.4.4-cp313-cp313t-manylinux2014_s390x.manylinux_2_17_s390x.manylinux_2_28_s390x.whl", hash = "sha256:6a50ab11b7779b849472337191f3a043e27e17f71555f98d0092fa6d73364520", size = 917435, upload-time = "2026-04-03T20:54:52.994Z" },
    { url = "https://files.pythonhosted.org/packages/5c/71/8b260897f22996b666edd9402861668f45a2ca259f665ac029e6104a2d7d/regex-2026.4.4-cp313-cp313t-manylinux2014_x86_64.manylinux_2_17_x86_64.manylinux_2_28_x86_64.whl", hash = "sha256:0734f63afe785138549fbe822a8cfeaccd1bae814c5057cc0ed5b9f2de4fc883", size = 816358, upload-time = "2026-04-03T20:54:54.884Z" },
    { url = "https://files.pythonhosted.org/packages/1c/60/775f7f72a510ef238254906c2f3d737fc80b16ca85f07d20e318d2eea894/regex-2026.4.4-cp313-cp313t-manylinux_2_31_riscv64.manylinux_2_39_riscv64.whl", hash = "sha256:c4ee50606cb1967db7e523224e05f32089101945f859928e65657a2cbb3d278b", size = 785549, upload-time = "2026-04-03T20:54:57.01Z" },
    { url = "https://files.pythonhosted.org/packages/58/42/34d289b3627c03cf381e44da534a0021664188fa49ba41513da0b4ec6776/regex-2026.4.4-cp313-cp313t-musllinux_1_2_aarch64.whl", hash = "sha256:6c1818f37be3ca02dcb76d63f2c7aaba4b0dc171b579796c6fbe00148dfec6b1", size = 801364, upload-time = "2026-04-03T20:54:58.981Z" },
    { url = "https://files.pythonhosted.org/packages/fc/20/f6ecf319b382a8f1ab529e898b222c3f30600fcede7834733c26279e7465/regex-2026.4.4-cp313-cp313t-musllinux_1_2_ppc64le.whl", hash = "sha256:f5bfc2741d150d0be3e4a0401a5c22b06e60acb9aa4daa46d9e79a6dcd0f135b", size = 866221, upload-time = "2026-04-03T20:55:00.88Z" },
    { url = "https://files.pythonhosted.org/packages/92/6a/9f16d3609d549bd96d7a0b2aee1625d7512ba6a03efc01652149ef88e74d/regex-2026.4.4-cp313-cp313t-musllinux_1_2_riscv64.whl", hash = "sha256:504ffa8a03609a087cad81277a629b6ce884b51a24bd388a7980ad61748618ff", size = 772530, upload-time = "2026-04-03T20:55:03.213Z" },
    { url = "https://files.pythonhosted.org/packages/fa/f6/aa9768bc96a4c361ac96419fbaf2dcdc33970bb813df3ba9b09d5d7b6d96/regex-2026.4.4-cp313-cp313t-musllinux_1_2_s390x.whl", hash = "sha256:70aadc6ff12e4b444586e57fc30771f86253f9f0045b29016b9605b4be5f7dfb", size = 856989, upload-time = "2026-04-03T20:55:05.087Z" },
    { url = "https://files.pythonhosted.org/packages/4d/b4/c671db3556be2473ae3e4bb7a297c518d281452871501221251ea4ecba57/regex-2026.4.4-cp313-cp313t-musllinux_1_2_x86_64.whl", hash = "sha256:f4f83781191007b6ef43b03debc35435f10cad9b96e16d147efe84a1d48bdde4", size = 803241, upload-time = "2026-04-03T20:55:07.162Z" },
    { url = "https://files.pythonhosted.org/packages/2a/5c/83e3b1d89fa4f6e5a1bc97b4abd4a9a97b3c1ac7854164f694f5f0ba98a0/regex-2026.4.4-cp313-cp313t-win32.whl", hash = "sha256:e014a797de43d1847df957c0a2a8e861d1c17547ee08467d1db2c370b7568baa", size = 269921, upload-time = "2026-04-03T20:55:09.62Z" },
    { url = "https://files.pythonhosted.org/packages/28/07/077c387121f42cdb4d92b1301133c0d93b5709d096d1669ab847dda9fe2e/regex-2026.4.4-cp313-cp313t-win_amd64.whl", hash = "sha256:b15b88b0d52b179712632832c1d6e58e5774f93717849a41096880442da41ab0", size = 281240, upload-time = "2026-04-03T20:55:11.521Z" },
    { url = "https://files.pythonhosted.org/packages/9d/22/ead4a4abc7c59a4d882662aa292ca02c8b617f30b6e163bc1728879e9353/regex-2026.4.4-cp313-cp313t-win_arm64.whl", hash = "sha256:586b89cdadf7d67bf86ae3342a4dcd2b8d70a832d90c18a0ae955105caf34dbe", size = 272440, upload-time = "2026-04-03T20:55:13.365Z" },
    { url = "https://files.pythonhosted.org/packages/f0/f5/ed97c2dc47b5fbd4b73c0d7d75f9ebc8eca139f2bbef476bba35f28c0a77/regex-2026.4.4-cp314-cp314-macosx_10_13_universal2.whl", hash = "sha256:2da82d643fa698e5e5210e54af90181603d5853cf469f5eedf9bfc8f59b4b8c7", size = 490343, upload-time = "2026-04-03T20:55:15.241Z" },
    { url = "https://files.pythonhosted.org/packages/80/e9/de4828a7385ec166d673a5790ad06ac48cdaa98bc0960108dd4b9cc1aef7/regex-2026.4.4-cp314-cp314-macosx_10_13_x86_64.whl", hash = "sha256:54a1189ad9d9357760557c91103d5e421f0a2dabe68a5cdf9103d0dcf4e00752", size = 291909, upload-time = "2026-04-03T20:55:17.558Z" },
    { url = "https://files.pythonhosted.org/packages/b4/d6/5cfbfc97f3201a4d24b596a77957e092030dcc4205894bc035cedcfce62f/regex-2026.4.4-cp314-cp314-macosx_11_0_arm64.whl", hash = "sha256:76d67d5afb1fe402d10a6403bae668d000441e2ab115191a804287d53b772951", size = 289692, upload-time = "2026-04-03T20:55:20.561Z" },
    { url = "https://files.pythonhosted.org/packages/8e/ac/f2212d9fd56fe897e36d0110ba30ba2d247bd6410c5bd98499c7e5a1e1f2/regex-2026.4.4-cp314-cp314-manylinux2014_aarch64.manylinux_2_17_aarch64.manylinux_2_28_aarch64.whl", hash = "sha256:e7cd3e4ee8d80447a83bbc9ab0c8459781fa77087f856c3e740d7763be0df27f", size = 796979, upload-time = "2026-04-03T20:55:22.56Z" },
    { url = "https://files.pythonhosted.org/packages/c9/e3/a016c12675fbac988a60c7e1c16e67823ff0bc016beb27bd7a001dbdabc6/regex-2026.4.4-cp314-cp314-manylinux2014_ppc64le.manylinux_2_17_ppc64le.manylinux_2_28_ppc64le.whl", hash = "sha256:2e19e18c568d2866d8b6a6dfad823db86193503f90823a8f66689315ba28fbe8", size = 866744, upload-time = "2026-04-03T20:55:24.646Z" },
    { url = "https://files.pythonhosted.org/packages/af/a4/0b90ca4cf17adc3cb43de80ec71018c37c88ad64987e8d0d481a95ca60b5/regex-2026.4.4-cp314-cp314-manylinux2014_s390x.manylinux_2_17_s390x.manylinux_2_28_s390x.whl", hash = "sha256:7698a6f38730fd1385d390d1ed07bb13dce39aa616aca6a6d89bea178464b9a4", size = 911613, upload-time = "2026-04-03T20:55:27.033Z" },
    { url = "https://files.pythonhosted.org/packages/8e/3b/2b3dac0b82d41ab43aa87c6ecde63d71189d03fe8854b8ca455a315edac3/regex-2026.4.4-cp314-cp314-manylinux2014_x86_64.manylinux_2_17_x86_64.manylinux_2_28_x86_64.whl", hash = "sha256:173a66f3651cdb761018078e2d9487f4cf971232c990035ec0eb1cdc6bf929a9", size = 800551, upload-time = "2026-04-03T20:55:29.532Z" },
    { url = "https://files.pythonhosted.org/packages/25/fe/5365eb7aa0e753c4b5957815c321519ecab033c279c60e1b1ae2367fa810/regex-2026.4.4-cp314-cp314-manylinux_2_31_riscv64.manylinux_2_39_riscv64.whl", hash = "sha256:fa7922bbb2cc84fa062d37723f199d4c0cd200245ce269c05db82d904db66b83", size = 776911, upload-time = "2026-04-03T20:55:31.526Z" },
    { url = "https://files.pythonhosted.org/packages/aa/b3/7fb0072156bba065e3b778a7bc7b0a6328212be5dd6a86fd207e0c4f2dab/regex-2026.4.4-cp314-cp314-musllinux_1_2_aarch64.whl", hash = "sha256:59f67cd0a0acaf0e564c20bbd7f767286f23e91e2572c5703bf3e56ea7557edb", size = 785751, upload-time = "2026-04-03T20:55:33.797Z" },
    { url = "https://files.pythonhosted.org/packages/02/1a/9f83677eb699273e56e858f7bd95acdbee376d42f59e8bfca2fd80d79df3/regex-2026.4.4-cp314-cp314-musllinux_1_2_ppc64le.whl", hash = "sha256:475e50f3f73f73614f7cba5524d6de49dee269df00272a1b85e3d19f6d498465", size = 860484, upload-time = "2026-04-03T20:55:35.745Z" },
    { url = "https://files.pythonhosted.org/packages/3b/7a/93937507b61cfcff8b4c5857f1b452852b09f741daa9acae15c971d8554e/regex-2026.4.4-cp314-cp314-musllinux_1_2_riscv64.whl", hash = "sha256:a1c0c7d67b64d85ac2e1879923bad2f08a08f3004055f2f406ef73c850114bd4", size = 765939, upload-time = "2026-04-03T20:55:37.972Z" },
    { url = "https://files.pythonhosted.org/packages/86/ea/81a7f968a351c6552b1670ead861e2a385be730ee28402233020c67f9e0f/regex-2026.4.4-cp314-cp314-musllinux_1_2_s390x.whl", hash = "sha256:1371c2ccbb744d66ee63631cc9ca12aa233d5749972626b68fe1a649dd98e566", size = 851417, upload-time = "2026-04-03T20:55:39.92Z" },
    { url = "https://files.pythonhosted.org/packages/4c/7e/323c18ce4b5b8f44517a36342961a0306e931e499febbd876bb149d900f0/regex-2026.4.4-cp314-cp314-musllinux_1_2_x86_64.whl", hash = "sha256:59968142787042db793348a3f5b918cf24ced1f23247328530e063f89c128a95", size = 789056, upload-time = "2026-04-03T20:55:42.303Z" },
    { url = "https://files.pythonhosted.org/packages/c0/af/e7510f9b11b1913b0cd44eddb784b2d650b2af6515bfce4cffcc5bfd1d38/regex-2026.4.4-cp314-cp314-win32.whl", hash = "sha256:59efe72d37fd5a91e373e5146f187f921f365f4abc1249a5ab446a60f30dd5f8", size = 272130, upload-time = "2026-04-03T20:55:44.995Z" },
    { url = "https://files.pythonhosted.org/packages/9a/51/57dae534c915e2d3a21490e88836fa2ae79dde3b66255ecc0c0a155d2c10/regex-2026.4.4-cp314-cp314-win_amd64.whl", hash = "sha256:e0aab3ff447845049d676827d2ff714aab4f73f340e155b7de7458cf53baa5a4", size = 280992, upload-time = "2026-04-03T20:55:47.316Z" },
    { url = "https://files.pythonhosted.org/packages/0a/5e/abaf9f4c3792e34edb1434f06717fae2b07888d85cb5cec29f9204931bf8/regex-2026.4.4-cp314-cp314-win_arm64.whl", hash = "sha256:a7a5bb6aa0cf62208bb4fa079b0c756734f8ad0e333b425732e8609bd51ee22f", size = 273563, upload-time = "2026-04-03T20:55:49.273Z" },
    { url = "https://files.pythonhosted.org/packages/ff/06/35da85f9f217b9538b99cbb170738993bcc3b23784322decb77619f11502/regex-2026.4.4-cp314-cp314t-macosx_10_13_universal2.whl", hash = "sha256:97850d0638391bdc7d35dc1c1039974dcb921eaafa8cc935ae4d7f272b1d60b3", size = 494191, upload-time = "2026-04-03T20:55:51.258Z" },
    { url = "https://files.pythonhosted.org/packages/54/5b/1bc35f479eef8285c4baf88d8c002023efdeebb7b44a8735b36195486ae7/regex-2026.4.4-cp314-cp314t-macosx_10_13_x86_64.whl", hash = "sha256:ee7337f88f2a580679f7bbfe69dc86c043954f9f9c541012f49abc554a962f2e", size = 293877, upload-time = "2026-04-03T20:55:53.214Z" },
    { url = "https://files.pythonhosted.org/packages/39/5b/f53b9ad17480b3ddd14c90da04bfb55ac6894b129e5dea87bcaf7d00e336/regex-2026.4.4-cp314-cp314t-macosx_11_0_arm64.whl", hash = "sha256:7429f4e6192c11d659900c0648ba8776243bf396ab95558b8c51a345afeddde6", size = 292410, upload-time = "2026-04-03T20:55:55.736Z" },
    { url = "https://files.pythonhosted.org/packages/bb/56/52377f59f60a7c51aa4161eecf0b6032c20b461805aca051250da435ffc9/regex-2026.4.4-cp314-cp314t-manylinux2014_aarch64.manylinux_2_17_aarch64.manylinux_2_28_aarch64.whl", hash = "sha256:dc4f10fbd5dd13dcf4265b4cc07d69ca70280742870c97ae10093e3d66000359", size = 811831, upload-time = "2026-04-03T20:55:57.802Z" },
    { url = "https://files.pythonhosted.org/packages/dd/63/8026310bf066f702a9c361f83a8c9658f3fe4edb349f9c1e5d5273b7c40c/regex-2026.4.4-cp314-cp314t-manylinux2014_ppc64le.manylinux_2_17_ppc64le.manylinux_2_28_ppc64le.whl", hash = "sha256:a152560af4f9742b96f3827090f866eeec5becd4765c8e0d3473d9d280e76a5a", size = 871199, upload-time = "2026-04-03T20:56:00.333Z" },
    { url = "https://files.pythonhosted.org/packages/20/9f/a514bbb00a466dbb506d43f187a04047f7be1505f10a9a15615ead5080ee/regex-2026.4.4-cp314-cp314t-manylinux2014_s390x.manylinux_2_17_s390x.manylinux_2_28_s390x.whl", hash = "sha256:54170b3e95339f415d54651f97df3bff7434a663912f9358237941bbf9143f55", size = 917649, upload-time = "2026-04-03T20:56:02.445Z" },
    { url = "https://files.pythonhosted.org/packages/cb/6b/8399f68dd41a2030218839b9b18360d79b86d22b9fab5ef477c7f23ca67c/regex-2026.4.4-cp314-cp314t-manylinux2014_x86_64.manylinux_2_17_x86_64.manylinux_2_28_x86_64.whl", hash = "sha256:07f190d65f5a72dcb9cf7106bfc3d21e7a49dd2879eda2207b683f32165e4d99", size = 816388, upload-time = "2026-04-03T20:56:04.595Z" },
    { url = "https://files.pythonhosted.org/packages/1e/9c/103963f47c24339a483b05edd568594c2be486188f688c0170fd504b2948/regex-2026.4.4-cp314-cp314t-manylinux_2_31_riscv64.manylinux_2_39_riscv64.whl", hash = "sha256:9a2741ce5a29d3c84b0b94261ba630ab459a1b847a0d6beca7d62d188175c790", size = 785746, upload-time = "2026-04-03T20:56:07.13Z" },
    { url = "https://files.pythonhosted.org/packages/fa/ee/7f6054c0dec0cee3463c304405e4ff42e27cff05bf36fcb34be549ab17bd/regex-2026.4.4-cp314-cp314t-musllinux_1_2_aarch64.whl", hash = "sha256:b26c30df3a28fd9793113dac7385a4deb7294a06c0f760dd2b008bd49a9139bc", size = 801483, upload-time = "2026-04-03T20:56:09.365Z" },
    { url = "https://files.pythonhosted.org/packages/30/c2/51d3d941cf6070dc00c3338ecf138615fc3cce0421c3df6abe97a08af61a/regex-2026.4.4-cp314-cp314t-musllinux_1_2_ppc64le.whl", hash = "sha256:421439d1bee44b19f4583ccf42670ca464ffb90e9fdc38d37f39d1ddd1e44f1f", size = 866331, upload-time = "2026-04-03T20:56:12.039Z" },
    { url = "https://files.pythonhosted.org/packages/16/e8/76d50dcc122ac33927d939f350eebcfe3dbcbda96913e03433fc36de5e63/regex-2026.4.4-cp314-cp314t-musllinux_1_2_riscv64.whl", hash = "sha256:b40379b53ecbc747fd9bdf4a0ea14eb8188ca1bd0f54f78893a39024b28f4863", size = 772673, upload-time = "2026-04-03T20:56:14.558Z" },
    { url = "https://files.pythonhosted.org/packages/a5/6e/5f6bf75e20ea6873d05ba4ec78378c375cbe08cdec571c83fbb01606e563/regex-2026.4.4-cp314-cp314t-musllinux_1_2_s390x.whl", hash = "sha256:08c55c13d2eef54f73eeadc33146fb0baaa49e7335eb1aff6ae1324bf0ddbe4a", size = 857146, upload-time = "2026-04-03T20:56:16.663Z" },
    { url = "https://files.pythonhosted.org/packages/0b/33/3c76d9962949e487ebba353a18e89399f292287204ac8f2f4cfc3a51c233/regex-2026.4.4-cp314-cp314t-musllinux_1_2_x86_64.whl", hash = "sha256:9776b85f510062f5a75ef112afe5f494ef1635607bf1cc220c1391e9ac2f5e81", size = 803463, upload-time = "2026-04-03T20:56:18.923Z" },
    { url = "https://files.pythonhosted.org/packages/19/eb/ef32dcd2cb69b69bc0c3e55205bce94a7def48d495358946bc42186dcccc/regex-2026.4.4-cp314-cp314t-win32.whl", hash = "sha256:385edaebde5db5be103577afc8699fea73a0e36a734ba24870be7ffa61119d74", size = 275709, upload-time = "2026-04-03T20:56:20.996Z" },
    { url = "https://files.pythonhosted.org/packages/a0/86/c291bf740945acbf35ed7dbebf8e2eea2f3f78041f6bd7cdab80cb274dc0/regex-2026.4.4-cp314-cp314t-win_amd64.whl", hash = "sha256:5d354b18839328927832e2fa5f7c95b7a3ccc39e7a681529e1685898e6436d45", size = 285622, upload-time = "2026-04-03T20:56:23.641Z" },
    { url = "https://files.pythonhosted.org/packages/d5/e7/ec846d560ae6a597115153c02ca6138a7877a1748b2072d9521c10a93e58/regex-2026.4.4-cp314-cp314t-win_arm64.whl", hash = "sha256:af0384cb01a33600c49505c27c6c57ab0b27bf84a74e28524c92ca897ebdac9d", size = 275773, upload-time = "2026-04-03T20:56:26.07Z" },
]

[[package]]
name = "ruff"
version = "0.15.12"
source = { registry = "https://pypi.org/simple" }
sdist = { url = "https://files.pythonhosted.org/packages/99/43/3291f1cc9106f4c63bdce7a8d0df5047fe8422a75b091c16b5e9355e0b11/ruff-0.15.12.tar.gz", hash = "sha256:ecea26adb26b4232c0c2ca19ccbc0083a68344180bba2a600605538ce51a40a6", size = 4643852, upload-time = "2026-04-24T18:17:14.305Z" }
wheels = [
    { url = "https://files.pythonhosted.org/packages/c3/6e/e78ffb61d4686f3d96ba3df2c801161843746dcbcbb17a1e927d4829312b/ruff-0.15.12-py3-none-linux_armv6l.whl", hash = "sha256:f86f176e188e94d6bdbc09f09bfd9dc729059ad93d0e7390b5a73efe19f8861c", size = 10640713, upload-time = "2026-04-24T18:17:22.841Z" },
    { url = "https://files.pythonhosted.org/packages/ae/08/a317bc231fb9e7b93e4ef3089501e51922ff88d6936ce5cf870c4fe55419/ruff-0.15.12-py3-none-macosx_10_12_x86_64.whl", hash = "sha256:e3bcd123364c3770b8e1b7baaf343cc99a35f197c5c6e8af79015c666c423a6c", size = 11069267, upload-time = "2026-04-24T18:17:30.105Z" },
    { url = "https://files.pythonhosted.org/packages/aa/a4/f828e9718d3dce1f5f11c39c4f65afd32783c8b2aebb2e3d259e492c47bd/ruff-0.15.12-py3-none-macosx_11_0_arm64.whl", hash = "sha256:fe87510d000220aa1ed530d4448a7c696a0cae1213e5ec30e5874287b66557b5", size = 10397182, upload-time = "2026-04-24T18:17:07.177Z" },
    { url = "https://files.pythonhosted.org/packages/71/e0/3310fc6d1b5e1fdea22bf3b1b807c7e187b581021b0d7d4514cccdb5fb71/ruff-0.15.12-py3-none-manylinux_2_17_aarch64.manylinux2014_aarch64.whl", hash = "sha256:84a1630093121375a3e2a95b4a6dc7b59e2b4ee76216e32d81aae550a832d002", size = 10758012, upload-time = "2026-04-24T18:16:55.759Z" },
    { url = "https://files.pythonhosted.org/packages/11/c1/a606911aee04c324ddaa883ae418f3569792fd3c4a10c50e0dd0a2311e1e/ruff-0.15.12-py3-none-manylinux_2_17_armv7l.manylinux2014_armv7l.whl", hash = "sha256:fb129f40f114f089ebe0ca56c0d251cf2061b17651d464bb6478dc01e69f11f5", size = 10447479, upload-time = "2026-04-24T18:16:51.677Z" },
    { url = "https://files.pythonhosted.org/packages/9d/68/4201e8444f0894f21ab4aeeaee68aa4f10b51613514a20d80bd628d57e88/ruff-0.15.12-py3-none-manylinux_2_17_i686.manylinux2014_i686.whl", hash = "sha256:b0c862b172d695db7598426b8af465e7e9ac00a3ea2a3630ee67eb82e366aaa6", size = 11234040, upload-time = "2026-04-24T18:17:16.529Z" },
    { url = "https://files.pythonhosted.org/packages/34/ff/8a6d6cf4ccc23fd67060874e832c18919d1557a0611ebef03fdb01fff11e/ruff-0.15.12-py3-none-manylinux_2_17_ppc64le.manylinux2014_ppc64le.whl", hash = "sha256:2849ea9f3484c3aca43a82f484210370319e7170df4dfe4843395ddf6c57bc33", size = 12087377, upload-time = "2026-04-24T18:17:04.944Z" },
    { url = "https://files.pythonhosted.org/packages/85/f6/c669cf73f5152f623d34e69866a46d5e6185816b19fcd5b6dd8a2d299922/ruff-0.15.12-py3-none-manylinux_2_17_s390x.manylinux2014_s390x.whl", hash = "sha256:9e77c7e51c07fe396826d5969a5b846d9cd4c402535835fb6e21ce8b28fef847", size = 11367784, upload-time = "2026-04-24T18:17:25.409Z" },
    { url = "https://files.pythonhosted.org/packages/e8/39/c61d193b8a1daaa8977f7dea9e8d8ba866e02ea7b65d32f6861693aa4c12/ruff-0.15.12-py3-none-manylinux_2_17_x86_64.manylinux2014_x86_64.whl", hash = "sha256:83b2f4f2f3b1026b5fb449b467d9264bf22067b600f7b6f41fc5958909f449d0", size = 11344088, upload-time = "2026-04-24T18:17:12.258Z" },
    { url = "https://files.pythonhosted.org/packages/c2/8d/49afab3645e31e12c590acb6d3b5b69d7aab5b81926dbaf7461f9441f37a/ruff-0.15.12-py3-none-manylinux_2_31_riscv64.whl", hash = "sha256:9ba3b8f1afd7e2e43d8943e55f249e13f9682fde09711644a6e7290eb4f3e339", size = 11271770, upload-time = "2026-04-24T18:17:02.457Z" },
    { url = "https://files.pythonhosted.org/packages/46/06/33f41fe94403e2b755481cdfb9b7ef3e4e0ed031c4581124658d935d52b4/ruff-0.15.12-py3-none-musllinux_1_2_aarch64.whl", hash = "sha256:e852ba9fdc890655e1d78f2df1499efbe0e54126bd405362154a75e2bde159c5", size = 10719355, upload-time = "2026-04-24T18:17:27.648Z" },
    { url = "https://files.pythonhosted.org/packages/0d/59/18aa4e014debbf559670e4048e39260a85c7fcee84acfd761ac01e7b8d35/ruff-0.15.12-py3-none-musllinux_1_2_armv7l.whl", hash = "sha256:dd8aed930da53780d22fc70bdf84452c843cf64f8cb4eb38984319c24c5cd5fd", size = 10462758, upload-time = "2026-04-24T18:17:32.347Z" },
    { url = "https://files.pythonhosted.org/packages/25/e7/cc9f16fd0f3b5fddcbd7ec3d6ae30c8f3fde1047f32a4093a98d633c6570/ruff-0.15.12-py3-none-musllinux_1_2_i686.whl", hash = "sha256:01da3988d225628b709493d7dc67c3b9b12c0210016b08690ef9bd27970b262b", size = 10953498, upload-time = "2026-04-24T18:17:20.674Z" },
    { url = "https://files.pythonhosted.org/packages/72/7a/a9ba7f98c7a575978698f4230c5e8cc54bbc761af34f560818f933dafa0c/ruff-0.15.12-py3-none-musllinux_1_2_x86_64.whl", hash = "sha256:9cae0f92bd5700d1213188b31cd3bdd2b315361296d10b96b8e2337d3d11f53e", size = 11447765, upload-time = "2026-04-24T18:17:09.755Z" },
    { url = "https://files.pythonhosted.org/packages/ea/f9/0ae446942c846b8266059ad8a30702a35afae55f5cdc54c5adf8d7afdc27/ruff-0.15.12-py3-none-win32.whl", hash = "sha256:d0185894e038d7043ba8fd6aee7499ece6462dc0ea9f1e260c7451807c714c20", size = 10657277, upload-time = "2026-04-24T18:17:18.591Z" },
    { url = "https://files.pythonhosted.org/packages/33/f1/9614e03e1cdcbf9437570b5400ced8a720b5db22b28d8e0f1bda429f660d/ruff-0.15.12-py3-none-win_amd64.whl", hash = "sha256:c87a162d61ab3adca47c03f7f717c68672edec7d1b5499e652331780fe74950d", size = 11837758, upload-time = "2026-04-24T18:17:00.113Z" },
    { url = "https://files.pythonhosted.org/packages/c0/98/6beb4b351e472e5f4c4613f7c35a5290b8be2497e183825310c4c3a3984b/ruff-0.15.12-py3-none-win_arm64.whl", hash = "sha256:a538f7a82d061cee7be55542aca1d86d1393d55d81d4fcc314370f4340930d4f", size = 11120821, upload-time = "2026-04-24T18:16:57.979Z" },
]

[[package]]
name = "saber-tui"
version = "0.4.0"
source = { editable = "." }
dependencies = [
    { name = "regex" },
    { name = "wcwidth" },
]

[package.dev-dependencies]
dev = [
    { name = "pyte" },
    { name = "pytest" },
    { name = "ruff" },
]

[package.metadata]
requires-dist = [
    { name = "regex" },
    { name = "wcwidth" },
]

[package.metadata.requires-dev]
dev = [
    { name = "pyte" },
    { name = "pytest" },
    { name = "ruff" },
]

[[package]]
name = "wcwidth"
version = "0.6.0"
source = { registry = "https://pypi.org/simple" }
sdist = { url = "https://files.pythonhosted.org/packages/35/a2/8e3becb46433538a38726c948d3399905a4c7cabd0df578ede5dc51f0ec2/wcwidth-0.6.0.tar.gz", hash = "sha256:cdc4e4262d6ef9a1a57e018384cbeb1208d8abbc64176027e2c2455c81313159", size = 159684, upload-time = "2026-02-06T19:19:40.919Z" }
wheels = [
    { url = "https://files.pythonhosted.org/packages/68/5a/199c59e0a824a3db2b89c5d2dade7ab5f9624dbf6448dc291b46d5ec94d3/wcwidth-0.6.0-py3-none-any.whl", hash = "sha256:1a3a1e510b553315f8e146c54764f4fb6264ffad731b3d78088cdb1478ffbdad", size = 94189, upload-time = "2026-02-06T19:19:39.646Z" },
]
